
Microsoft Visual Studio Solution File, Format Version 12.00
# Visual Studio Version 17
VisualStudioVersion = 17.0.31903.59
MinimumVisualStudioVersion = 10.0.40219.1
Project("{2150E333-8FDC-42A3-9474-1A3956D46DE8}") = "src", "src", "{F7E5647C-1F62-4839-A685-4DCD4B98BFA7}"
EndProject
Project("{FAE04EC0-301F-11D3-BF4B-00C04F79EFBC}") = "Application", "src\Application\Application.csproj", "{3639E03F-E392-4489-8BC3-F7616627777A}"
EndProject
Project("{FAE04EC0-301F-11D3-BF4B-00C04F79EFBC}") = "Api", "src\Api\Api.csproj", "{2CADE9AF-3BAA-47EF-A8ED-A971EF3B3F63}"
EndProject
Global
	GlobalSection(SolutionConfigurationPlatforms) = preSolution
		Debug|Any CPU = Debug|Any CPU
		Release|Any CPU = Release|Any CPU
	EndGlobalSection
	GlobalSection(SolutionProperties) = preSolution
		HideSolutionNode = FALSE
	EndGlobalSection
	GlobalSection(ProjectConfigurationPlatforms) = postSolution
		{3639E03F-E392-4489-8BC3-F7616627777A}.Debug|Any CPU.ActiveCfg = Debug|Any CPU
		{3639E03F-E392-4489-8BC3-F7616627777A}.Debug|Any CPU.Build.0 = Debug|Any CPU
		{3639E03F-E392-4489-8BC3-F7616627777A}.Release|Any CPU.ActiveCfg = Release|Any CPU
		{3639E03F-E392-4489-8BC3-F7616627777A}.Release|Any CPU.Build.0 = Release|Any CPU
		{2CADE9AF-3BAA-47EF-A8ED-A971EF3B3F63}.Debug|Any CPU.ActiveCfg = Debug|Any CPU
		{2CADE9AF-3BAA-47EF-A8ED-A971EF3B3F63}.Debug|Any CPU.Build.0 = Debug|Any CPU
		{2CADE9AF-3BAA-47EF-A8ED-A971EF3B3F63}.Release|Any CPU.ActiveCfg = Release|Any CPU
		{2CADE9AF-3BAA-47EF-A8ED-A971EF3B3F63}.Release|Any CPU.Build.0 = Release|Any CPU
	EndGlobalSection
	GlobalSection(NestedProjects) = preSolution
		{3639E03F-E392-4489-8BC3-F7616627777A} = {F7E5647C-1F62-4839-A685-4DCD4B98BFA7}
		{2CADE9AF-3BAA-47EF-A8ED-A971EF3B3F63} = {F7E5647C-1F62-4839-A685-4DCD4B98BFA7}
	EndGlobalSection
EndGlobal
